
Microsoft Visual Studio Solution File, Format Version 12.00
# Visual Studio Version 17
VisualStudioVersion = 17.3.32929.385
MinimumVisualStudioVersion = 10.0.40219.1
Project("{FAE04EC0-301F-11D3-BF4B-00C04F79EFBC}") = "feladatok", "feladatok\feladatok.csproj", "{570ACCCA-7561-48A5-A4D1-6FC983F757E4}"
EndProject
Global
	GlobalSection(SolutionConfigurationPlatforms) = preSolution
		Debug|Any CPU = Debug|Any CPU
		Release|Any CPU = Release|Any CPU
	EndGlobalSection
	GlobalSection(ProjectConfigurationPlatforms) = postSolution
		{570ACCCA-7561-48A5-A4D1-6FC983F757E4}.Debug|Any CPU.ActiveCfg = Debug|Any CPU
		{570ACCCA-7561-48A5-A4D1-6FC983F757E4}.Debug|Any CPU.Build.0 = Debug|Any CPU
		{570ACCCA-7561-48A5-A4D1-6FC983F757E4}.Release|Any CPU.ActiveCfg = Release|Any CPU
		{570ACCCA-7561-48A5-A4D1-6FC983F757E4}.Release|Any CPU.Build.0 = Release|Any CPU
	EndGlobalSection
	GlobalSection(SolutionProperties) = preSolution
		HideSolutionNode = FALSE
	EndGlobalSection
	GlobalSection(ExtensibilityGlobals) = postSolution
		SolutionGuid = {008753A5-9800-44D6-A437-FF19B8E1CC0B}
	EndGlobalSection
EndGlobal
